// !$*UTF8*$!
{
	archiveVersion = 1;
	classes = {
	};
	objectVersion = 56;
	objects = {

/* Begin PBXBuildFile section */
		958F217729395C6A00118583 /* customer.cpp in Sources */ = {isa = PBXBuildFile; fileRef = 95F4842D291C0DA200AC547A /* customer.cpp */; };
		958F217829395C6E00118583 /* accomodation.cpp in Sources */ = {isa = PBXBuildFile; fileRef = 95F48427291C0CC400AC547A /* accomodation.cpp */; };
		958F217929395C7000118583 /* vacationPark.cpp in Sources */ = {isa = PBXBuildFile; fileRef = 9560181E292BAB1100BDC544 /* vacationPark.cpp */; };
		958F217A29395C7300118583 /* luxuryLevel.cpp in Sources */ = {isa = PBXBuildFile; fileRef = 95601821292BB7A200BDC544 /* luxuryLevel.cpp */; };
		958F217C29395C7800118583 /* park.cpp in Sources */ = {isa = PBXBuildFile; fileRef = 95F48430291C0DBF00AC547A /* park.cpp */; };
		958F217D29395C7E00118583 /* booking.cpp in Sources */ = {isa = PBXBuildFile; fileRef = 95F48423291BFBF300AC547A /* booking.cpp */; };
		958F2180293961DD00118583 /* utils.cpp in Sources */ = {isa = PBXBuildFile; fileRef = 958F217E293961DD00118583 /* utils.cpp */; };
		958F21832939696A00118583 /* menus.cpp in Sources */ = {isa = PBXBuildFile; fileRef = 958F21812939696A00118583 /* menus.cpp */; };
		959974F92935518E009B7C4D /* service.cpp in Sources */ = {isa = PBXBuildFile; fileRef = 95F48433291C0F6000AC547A /* service.cpp */; };
		9599753F2938BC91009B7C4D /* main.cpp in Sources */ = {isa = PBXBuildFile; fileRef = 952E5C8029112D1F008981D0 /* main.cpp */; };
		95E82202294295A300A08D15 /* hotelRoom.cpp in Sources */ = {isa = PBXBuildFile; fileRef = 95E82200294295A300A08D15 /* hotelRoom.cpp */; };
		95E82205294295AA00A08D15 /* cabin.cpp in Sources */ = {isa = PBXBuildFile; fileRef = 95E82203294295AA00A08D15 /* cabin.cpp */; };
		95E822082944E63F00A08D15 /* unitTesting.cpp in Sources */ = {isa = PBXBuildFile; fileRef = 95E822062944E63F00A08D15 /* unitTesting.cpp */; };
		95FF3102293A7B57001571CF /* UI.cpp in Sources */ = {isa = PBXBuildFile; fileRef = 958F2187293A12C100118583 /* UI.cpp */; };
		95FF3103293A7B5F001571CF /* vacationParkAPI.cpp in Sources */ = {isa = PBXBuildFile; fileRef = 959975012936355D009B7C4D /* vacationParkAPI.cpp */; };
/* End PBXBuildFile section */

/* Begin PBXCopyFilesBuildPhase section */
		952E5C7B29112D1F008981D0 /* CopyFiles */ = {
			isa = PBXCopyFilesBuildPhase;
			buildActionMask = 2147483647;
			dstPath = /usr/share/man/man1/;
			dstSubfolderSpec = 0;
			files = (
			);
			runOnlyForDeploymentPostprocessing = 1;
		};
/* End PBXCopyFilesBuildPhase section */

/* Begin PBXFileReference section */
		952E5C7D29112D1F008981D0 /* Lab4 */ = {isa = PBXFileReference; explicitFileType = "compiled.mach-o.executable"; includeInIndex = 0; path = Lab4; sourceTree = BUILT_PRODUCTS_DIR; };
		952E5C8029112D1F008981D0 /* main.cpp */ = {isa = PBXFileReference; lastKnownFileType = sourcecode.cpp.cpp; path = main.cpp; sourceTree = "<group>"; };
		9560181E292BAB1100BDC544 /* vacationPark.cpp */ = {isa = PBXFileReference; lastKnownFileType = sourcecode.cpp.cpp; path = vacationPark.cpp; sourceTree = "<group>"; };
		9560181F292BAB1100BDC544 /* vacationPark.hpp */ = {isa = PBXFileReference; lastKnownFileType = sourcecode.cpp.h; path = vacationPark.hpp; sourceTree = "<group>"; };
		95601821292BB7A200BDC544 /* luxuryLevel.cpp */ = {isa = PBXFileReference; lastKnownFileType = sourcecode.cpp.cpp; path = luxuryLevel.cpp; sourceTree = "<group>"; };
		95601822292BB7A200BDC544 /* luxuryLevel.hpp */ = {isa = PBXFileReference; lastKnownFileType = sourcecode.cpp.h; path = luxuryLevel.hpp; sourceTree = "<group>"; };
		958F217E293961DD00118583 /* utils.cpp */ = {isa = PBXFileReference; lastKnownFileType = sourcecode.cpp.cpp; path = utils.cpp; sourceTree = "<group>"; };
		958F217F293961DD00118583 /* utils.hpp */ = {isa = PBXFileReference; lastKnownFileType = sourcecode.cpp.h; path = utils.hpp; sourceTree = "<group>"; };
		958F21812939696A00118583 /* menus.cpp */ = {isa = PBXFileReference; lastKnownFileType = sourcecode.cpp.cpp; path = menus.cpp; sourceTree = "<group>"; };
		958F21822939696A00118583 /* menus.hpp */ = {isa = PBXFileReference; lastKnownFileType = sourcecode.cpp.h; path = menus.hpp; sourceTree = "<group>"; };
		958F21842939FD5900118583 /* fileManagement.cpp */ = {isa = PBXFileReference; lastKnownFileType = sourcecode.cpp.cpp; path = fileManagement.cpp; sourceTree = "<group>"; };
		958F21852939FD5900118583 /* fileManagement.hpp */ = {isa = PBXFileReference; lastKnownFileType = sourcecode.cpp.h; path = fileManagement.hpp; sourceTree = "<group>"; };
		958F2187293A12C100118583 /* UI.cpp */ = {isa = PBXFileReference; lastKnownFileType = sourcecode.cpp.cpp; path = UI.cpp; sourceTree = "<group>"; };
		958F2188293A12C100118583 /* UI.hpp */ = {isa = PBXFileReference; lastKnownFileType = sourcecode.cpp.h; path = UI.hpp; sourceTree = "<group>"; };
		959975012936355D009B7C4D /* vacationParkAPI.cpp */ = {isa = PBXFileReference; lastKnownFileType = sourcecode.cpp.cpp; path = vacationParkAPI.cpp; sourceTree = "<group>"; };
		959975022936355D009B7C4D /* vacationParkAPI.hpp */ = {isa = PBXFileReference; lastKnownFileType = sourcecode.cpp.h; path = vacationParkAPI.hpp; sourceTree = "<group>"; };
		95E82200294295A300A08D15 /* hotelRoom.cpp */ = {isa = PBXFileReference; lastKnownFileType = sourcecode.cpp.cpp; path = hotelRoom.cpp; sourceTree = "<group>"; };
		95E82201294295A300A08D15 /* hotelRoom.hpp */ = {isa = PBXFileReference; lastKnownFileType = sourcecode.cpp.h; path = hotelRoom.hpp; sourceTree = "<group>"; };
		95E82203294295AA00A08D15 /* cabin.cpp */ = {isa = PBXFileReference; lastKnownFileType = sourcecode.cpp.cpp; path = cabin.cpp; sourceTree = "<group>"; };
		95E82204294295AA00A08D15 /* cabin.hpp */ = {isa = PBXFileReference; lastKnownFileType = sourcecode.cpp.h; path = cabin.hpp; sourceTree = "<group>"; };
		95E822062944E63F00A08D15 /* unitTesting.cpp */ = {isa = PBXFileReference; lastKnownFileType = sourcecode.cpp.cpp; path = unitTesting.cpp; sourceTree = "<group>"; };
		95E822072944E63F00A08D15 /* unitTesting.hpp */ = {isa = PBXFileReference; lastKnownFileType = sourcecode.cpp.h; path = unitTesting.hpp; sourceTree = "<group>"; };
		95F48423291BFBF300AC547A /* booking.cpp */ = {isa = PBXFileReference; lastKnownFileType = sourcecode.cpp.cpp; path = booking.cpp; sourceTree = "<group>"; };
		95F48424291BFBF300AC547A /* booking.hpp */ = {isa = PBXFileReference; lastKnownFileType = sourcecode.cpp.h; path = booking.hpp; sourceTree = "<group>"; };
		95F48427291C0CC400AC547A /* accomodation.cpp */ = {isa = PBXFileReference; lastKnownFileType = sourcecode.cpp.cpp; path = accomodation.cpp; sourceTree = "<group>"; };
		95F48428291C0CC400AC547A /* accomodation.hpp */ = {isa = PBXFileReference; lastKnownFileType = sourcecode.cpp.h; path = accomodation.hpp; sourceTree = "<group>"; };
		95F4842D291C0DA200AC547A /* customer.cpp */ = {isa = PBXFileReference; lastKnownFileType = sourcecode.cpp.cpp; path = customer.cpp; sourceTree = "<group>"; };
		95F4842E291C0DA200AC547A /* customer.hpp */ = {isa = PBXFileReference; lastKnownFileType = sourcecode.cpp.h; path = customer.hpp; sourceTree = "<group>"; };
		95F48430291C0DBF00AC547A /* park.cpp */ = {isa = PBXFileReference; lastKnownFileType = sourcecode.cpp.cpp; path = park.cpp; sourceTree = "<group>"; };
		95F48431291C0DBF00AC547A /* park.hpp */ = {isa = PBXFileReference; lastKnownFileType = sourcecode.cpp.h; path = park.hpp; sourceTree = "<group>"; };
		95F48433291C0F6000AC547A /* service.cpp */ = {isa = PBXFileReference; lastKnownFileType = sourcecode.cpp.cpp; path = service.cpp; sourceTree = "<group>"; };
		95F48434291C0F6000AC547A /* service.hpp */ = {isa = PBXFileReference; lastKnownFileType = sourcecode.cpp.h; path = service.hpp; sourceTree = "<group>"; };
/* End PBXFileReference section */

/* Begin PBXFrameworksBuildPhase section */
		952E5C7A29112D1F008981D0 /* Frameworks */ = {
			isa = PBXFrameworksBuildPhase;
			buildActionMask = 2147483647;
			files = (
			);
			runOnlyForDeploymentPostprocessing = 0;
		};
/* End PBXFrameworksBuildPhase section */

/* Begin PBXGroup section */
		952E5C7429112D1F008981D0 = {
			isa = PBXGroup;
			children = (
				952E5C7F29112D1F008981D0 /* Lab4 */,
				952E5C7E29112D1F008981D0 /* Products */,
			);
			sourceTree = "<group>";
		};
		952E5C7E29112D1F008981D0 /* Products */ = {
			isa = PBXGroup;
			children = (
				952E5C7D29112D1F008981D0 /* Lab4 */,
			);
			name = Products;
			sourceTree = "<group>";
		};
		952E5C7F29112D1F008981D0 /* Lab4 */ = {
			isa = PBXGroup;
			children = (
				952E5C8029112D1F008981D0 /* main.cpp */,
				95F48423291BFBF300AC547A /* booking.cpp */,
				95F48424291BFBF300AC547A /* booking.hpp */,
				95F48427291C0CC400AC547A /* accomodation.cpp */,
				95F48428291C0CC400AC547A /* accomodation.hpp */,
				95F4842D291C0DA200AC547A /* customer.cpp */,
				95F4842E291C0DA200AC547A /* customer.hpp */,
				95F48430291C0DBF00AC547A /* park.cpp */,
				95F48431291C0DBF00AC547A /* park.hpp */,
				95F48433291C0F6000AC547A /* service.cpp */,
				95F48434291C0F6000AC547A /* service.hpp */,
				9560181E292BAB1100BDC544 /* vacationPark.cpp */,
				9560181F292BAB1100BDC544 /* vacationPark.hpp */,
				95601821292BB7A200BDC544 /* luxuryLevel.cpp */,
				95601822292BB7A200BDC544 /* luxuryLevel.hpp */,
				959975012936355D009B7C4D /* vacationParkAPI.cpp */,
				959975022936355D009B7C4D /* vacationParkAPI.hpp */,
				958F217E293961DD00118583 /* utils.cpp */,
				958F217F293961DD00118583 /* utils.hpp */,
				958F21812939696A00118583 /* menus.cpp */,
				958F21822939696A00118583 /* menus.hpp */,
				958F21842939FD5900118583 /* fileManagement.cpp */,
				958F21852939FD5900118583 /* fileManagement.hpp */,
				958F2187293A12C100118583 /* UI.cpp */,
				958F2188293A12C100118583 /* UI.hpp */,
				95E82200294295A300A08D15 /* hotelRoom.cpp */,
				95E82201294295A300A08D15 /* hotelRoom.hpp */,
				95E82203294295AA00A08D15 /* cabin.cpp */,
				95E82204294295AA00A08D15 /* cabin.hpp */,
				95E822062944E63F00A08D15 /* unitTesting.cpp */,
				95E822072944E63F00A08D15 /* unitTesting.hpp */,
			);
			path = Lab4;
			sourceTree = "<group>";
		};
/* End PBXGroup section */

/* Begin PBXNativeTarget section */
		952E5C7C29112D1F008981D0 /* Lab4 */ = {
			isa = PBXNativeTarget;
			buildConfigurationList = 952E5C8429112D1F008981D0 /* Build configuration list for PBXNativeTarget "Lab4" */;
			buildPhases = (
				952E5C7929112D1F008981D0 /* Sources */,
				952E5C7A29112D1F008981D0 /* Frameworks */,
				952E5C7B29112D1F008981D0 /* CopyFiles */,
			);
			buildRules = (
			);
			dependencies = (
			);
			name = Lab4;
			productName = Lab4;
			productReference = 952E5C7D29112D1F008981D0 /* Lab4 */;
			productType = "com.apple.product-type.tool";
		};
/* End PBXNativeTarget section */

/* Begin PBXProject section */
		952E5C7529112D1F008981D0 /* Project object */ = {
			isa = PBXProject;
			attributes = {
				BuildIndependentTargetsInParallel = 1;
				LastUpgradeCheck = 1410;
				TargetAttributes = {
					952E5C7C29112D1F008981D0 = {
						CreatedOnToolsVersion = 14.0.1;
					};
				};
			};
			buildConfigurationList = 952E5C7829112D1F008981D0 /* Build configuration list for PBXProject "Lab4" */;
			compatibilityVersion = "Xcode 14.0";
			developmentRegion = en;
			hasScannedForEncodings = 0;
			knownRegions = (
				en,
				Base,
			);
			mainGroup = 952E5C7429112D1F008981D0;
			productRefGroup = 952E5C7E29112D1F008981D0 /* Products */;
			projectDirPath = "";
			projectRoot = "";
			targets = (
				952E5C7C29112D1F008981D0 /* Lab4 */,
			);
		};
/* End PBXProject section */

/* Begin PBXSourcesBuildPhase section */
		952E5C7929112D1F008981D0 /* Sources */ = {
			isa = PBXSourcesBuildPhase;
			buildActionMask = 2147483647;
			files = (
				958F217A29395C7300118583 /* luxuryLevel.cpp in Sources */,
				95FF3102293A7B57001571CF /* UI.cpp in Sources */,
				958F217929395C7000118583 /* vacationPark.cpp in Sources */,
				95FF3103293A7B5F001571CF /* vacationParkAPI.cpp in Sources */,
				958F217C29395C7800118583 /* park.cpp in Sources */,
				95E82202294295A300A08D15 /* hotelRoom.cpp in Sources */,
				958F217829395C6E00118583 /* accomodation.cpp in Sources */,
				959974F92935518E009B7C4D /* service.cpp in Sources */,
				95E822082944E63F00A08D15 /* unitTesting.cpp in Sources */,
				958F217D29395C7E00118583 /* booking.cpp in Sources */,
				958F21832939696A00118583 /* menus.cpp in Sources */,
				958F2180293961DD00118583 /* utils.cpp in Sources */,
				95E82205294295AA00A08D15 /* cabin.cpp in Sources */,
				9599753F2938BC91009B7C4D /* main.cpp in Sources */,
				958F217729395C6A00118583 /* customer.cpp in Sources */,
			);
			runOnlyForDeploymentPostprocessing = 0;
		};
/* End PBXSourcesBuildPhase section */

/* Begin XCBuildConfiguration section */
		952E5C8229112D1F008981D0 /* Debug */ = {
			isa = XCBuildConfiguration;
			buildSettings = {
				ALWAYS_SEARCH_USER_PATHS = NO;
				CLANG_ANALYZER_NONNULL = YES;
				CLANG_ANALYZER_NUMBER_OBJECT_CONVERSION = YES_AGGRESSIVE;
				CLANG_CXX_LANGUAGE_STANDARD = "gnu++20";
				CLANG_ENABLE_MODULES = YES;
				CLANG_ENABLE_OBJC_ARC = YES;
				CLANG_ENABLE_OBJC_WEAK = YES;
				CLANG_WARN_BLOCK_CAPTURE_AUTORELEASING = YES;
				CLANG_WARN_BOOL_CONVERSION = YES;
				CLANG_WARN_COMMA = YES;
				CLANG_WARN_CONSTANT_CONVERSION = YES;
				CLANG_WARN_DEPRECATED_OBJC_IMPLEMENTATIONS = YES;
				CLANG_WARN_DIRECT_OBJC_ISA_USAGE = YES_ERROR;
				CLANG_WARN_DOCUMENTATION_COMMENTS = YES;
				CLANG_WARN_EMPTY_BODY = YES;
				CLANG_WARN_ENUM_CONVERSION = YES;
				CLANG_WARN_INFINITE_RECURSION = YES;
				CLANG_WARN_INT_CONVERSION = YES;
				CLANG_WARN_NON_LITERAL_NULL_CONVERSION = YES;
				CLANG_WARN_OBJC_IMPLICIT_RETAIN_SELF = YES;
				CLANG_WARN_OBJC_LITERAL_CONVERSION = YES;
				CLANG_WARN_OBJC_ROOT_CLASS = YES_ERROR;
				CLANG_WARN_QUOTED_INCLUDE_IN_FRAMEWORK_HEADER = YES;
				CLANG_WARN_RANGE_LOOP_ANALYSIS = YES;
				CLANG_WARN_STRICT_PROTOTYPES = YES;
				CLANG_WARN_SUSPICIOUS_MOVE = YES;
				CLANG_WARN_UNGUARDED_AVAILABILITY = YES_AGGRESSIVE;
				CLANG_WARN_UNREACHABLE_CODE = YES;
				CLANG_WARN__DUPLICATE_METHOD_MATCH = YES;
				COPY_PHASE_STRIP = NO;
				DEAD_CODE_STRIPPING = YES;
				DEBUG_INFORMATION_FORMAT = dwarf;
				ENABLE_STRICT_OBJC_MSGSEND = YES;
				ENABLE_TESTABILITY = YES;
				GCC_C_LANGUAGE_STANDARD = gnu11;
				GCC_DYNAMIC_NO_PIC = NO;
				GCC_NO_COMMON_BLOCKS = YES;
				GCC_OPTIMIZATION_LEVEL = 0;
				GCC_PREPROCESSOR_DEFINITIONS = (
					"DEBUG=1",
					"$(inherited)",
				);
				GCC_WARN_64_TO_32_BIT_CONVERSION = YES;
				GCC_WARN_ABOUT_RETURN_TYPE = YES_ERROR;
				GCC_WARN_UNDECLARED_SELECTOR = YES;
				GCC_WARN_UNINITIALIZED_AUTOS = YES_AGGRESSIVE;
				GCC_WARN_UNUSED_FUNCTION = YES;
				GCC_WARN_UNUSED_VARIABLE = YES;
				MACOSX_DEPLOYMENT_TARGET = 12.3;
				MTL_ENABLE_DEBUG_INFO = INCLUDE_SOURCE;
				MTL_FAST_MATH = YES;
				ONLY_ACTIVE_ARCH = YES;
				SDKROOT = macosx;
			};
			name = Debug;
		};
		952E5C8329112D1F008981D0 /* Release */ = {
			isa = XCBuildConfiguration;
			buildSettings = {
				ALWAYS_SEARCH_USER_PATHS = NO;
				CLANG_ANALYZER_NONNULL = YES;
				CLANG_ANALYZER_NUMBER_OBJECT_CONVERSION = YES_AGGRESSIVE;
				CLANG_CXX_LANGUAGE_STANDARD = "gnu++20";
				CLANG_ENABLE_MODULES = YES;
				CLANG_ENABLE_OBJC_ARC = YES;
				CLANG_ENABLE_OBJC_WEAK = YES;
				CLANG_WARN_BLOCK_CAPTURE_AUTORELEASING = YES;
				CLANG_WARN_BOOL_CONVERSION = YES;
				CLANG_WARN_COMMA = YES;
				CLANG_WARN_CONSTANT_CONVERSION = YES;
				CLANG_WARN_DEPRECATED_OBJC_IMPLEMENTATIONS = YES;
				CLANG_WARN_DIRECT_OBJC_ISA_USAGE = YES_ERROR;
				CLANG_WARN_DOCUMENTATION_COMMENTS = YES;
				CLANG_WARN_EMPTY_BODY = YES;
				CLANG_WARN_ENUM_CONVERSION = YES;
				CLANG_WARN_INFINITE_RECURSION = YES;
				CLANG_WARN_INT_CONVERSION = YES;
				CLANG_WARN_NON_LITERAL_NULL_CONVERSION = YES;
				CLANG_WARN_OBJC_IMPLICIT_RETAIN_SELF = YES;
				CLANG_WARN_OBJC_LITERAL_CONVERSION = YES;
				CLANG_WARN_OBJC_ROOT_CLASS = YES_ERROR;
				CLANG_WARN_QUOTED_INCLUDE_IN_FRAMEWORK_HEADER = YES;
				CLANG_WARN_RANGE_LOOP_ANALYSIS = YES;
				CLANG_WARN_STRICT_PROTOTYPES = YES;
				CLANG_WARN_SUSPICIOUS_MOVE = YES;
				CLANG_WARN_UNGUARDED_AVAILABILITY = YES_AGGRESSIVE;
				CLANG_WARN_UNREACHABLE_CODE = YES;
				CLANG_WARN__DUPLICATE_METHOD_MATCH = YES;
				COPY_PHASE_STRIP = NO;
				DEAD_CODE_STRIPPING = YES;
				DEBUG_INFORMATION_FORMAT = "dwarf-with-dsym";
				ENABLE_NS_ASSERTIONS = NO;
				ENABLE_STRICT_OBJC_MSGSEND = YES;
				GCC_C_LANGUAGE_STANDARD = gnu11;
				GCC_NO_COMMON_BLOCKS = YES;
				GCC_WARN_64_TO_32_BIT_CONVERSION = YES;
				GCC_WARN_ABOUT_RETURN_TYPE = YES_ERROR;
				GCC_WARN_UNDECLARED_SELECTOR = YES;
				GCC_WARN_UNINITIALIZED_AUTOS = YES_AGGRESSIVE;
				GCC_WARN_UNUSED_FUNCTION = YES;
				GCC_WARN_UNUSED_VARIABLE = YES;
				MACOSX_DEPLOYMENT_TARGET = 12.3;
				MTL_ENABLE_DEBUG_INFO = NO;
				MTL_FAST_MATH = YES;
				SDKROOT = macosx;
			};
			name = Release;
		};
		952E5C8529112D1F008981D0 /* Debug */ = {
			isa = XCBuildConfiguration;
			buildSettings = {
				CODE_SIGN_IDENTITY = "-";
				CODE_SIGN_STYLE = Automatic;
				DEAD_CODE_STRIPPING = YES;
				PRODUCT_NAME = "$(TARGET_NAME)";
			};
			name = Debug;
		};
		952E5C8629112D1F008981D0 /* Release */ = {
			isa = XCBuildConfiguration;
			buildSettings = {
				CODE_SIGN_IDENTITY = "-";
				CODE_SIGN_STYLE = Automatic;
				DEAD_CODE_STRIPPING = YES;
				PRODUCT_NAME = "$(TARGET_NAME)";
			};
			name = Release;
		};
/* End XCBuildConfiguration section */

/* Begin XCConfigurationList section */
		952E5C7829112D1F008981D0 /* Build configuration list for PBXProject "Lab4" */ = {
			isa = XCConfigurationList;
			buildConfigurations = (
				952E5C8229112D1F008981D0 /* Debug */,
				952E5C8329112D1F008981D0 /* Release */,
			);
			defaultConfigurationIsVisible = 0;
			defaultConfigurationName = Release;
		};
		952E5C8429112D1F008981D0 /* Build configuration list for PBXNativeTarget "Lab4" */ = {
			isa = XCConfigurationList;
			buildConfigurations = (
				952E5C8529112D1F008981D0 /* Debug */,
				952E5C8629112D1F008981D0 /* Release */,
			);
			defaultConfigurationIsVisible = 0;
			defaultConfigurationName = Release;
		};
/* End XCConfigurationList section */
	};
	rootObject = 952E5C7529112D1F008981D0 /* Project object */;
}
