// !$*UTF8*$!
{
	archiveVersion = 1;
	classes = {
	};
	objectVersion = 56;
	objects = {

/* Begin PBXBuildFile section */
		959974F529352557009B7C4D /* park.cpp in Sources */ = {isa = PBXBuildFile; fileRef = 95F48430291C0DBF00AC547A /* park.cpp */; };
		959974F629352654009B7C4D /* accomodation.cpp in Sources */ = {isa = PBXBuildFile; fileRef = 95F48427291C0CC400AC547A /* accomodation.cpp */; };
		959974F729353B61009B7C4D /* customer.cpp in Sources */ = {isa = PBXBuildFile; fileRef = 95F4842D291C0DA200AC547A /* customer.cpp */; };
		959974F829353BB3009B7C4D /* booking.cpp in Sources */ = {isa = PBXBuildFile; fileRef = 95F48423291BFBF300AC547A /* booking.cpp */; };
		959974F92935518E009B7C4D /* service.cpp in Sources */ = {isa = PBXBuildFile; fileRef = 95F48433291C0F6000AC547A /* service.cpp */; };
		959974FA2935534F009B7C4D /* luxuryLevel.cpp in Sources */ = {isa = PBXBuildFile; fileRef = 95601821292BB7A200BDC544 /* luxuryLevel.cpp */; };
		959974FB29355662009B7C4D /* parkCompany.cpp in Sources */ = {isa = PBXBuildFile; fileRef = 9560181E292BAB1100BDC544 /* parkCompany.cpp */; };
		9599750029363527009B7C4D /* main.cpp in Sources */ = {isa = PBXBuildFile; fileRef = 952E5C8029112D1F008981D0 /* main.cpp */; };
		959975032936355D009B7C4D /* customerAPI.cpp in Sources */ = {isa = PBXBuildFile; fileRef = 959975012936355D009B7C4D /* customerAPI.cpp */; };
/* End PBXBuildFile section */

/* Begin PBXCopyFilesBuildPhase section */
		952E5C7B29112D1F008981D0 /* CopyFiles */ = {
			isa = PBXCopyFilesBuildPhase;
			buildActionMask = 2147483647;
			dstPath = /usr/share/man/man1/;
			dstSubfolderSpec = 0;
			files = (
			);
			runOnlyForDeploymentPostprocessing = 1;
		};
/* End PBXCopyFilesBuildPhase section */

/* Begin PBXFileReference section */
		952E5C7D29112D1F008981D0 /* Lab4 */ = {isa = PBXFileReference; explicitFileType = "compiled.mach-o.executable"; includeInIndex = 0; path = Lab4; sourceTree = BUILT_PRODUCTS_DIR; };
		952E5C8029112D1F008981D0 /* main.cpp */ = {isa = PBXFileReference; lastKnownFileType = sourcecode.cpp.cpp; path = main.cpp; sourceTree = "<group>"; };
		9560181E292BAB1100BDC544 /* parkCompany.cpp */ = {isa = PBXFileReference; lastKnownFileType = sourcecode.cpp.cpp; path = parkCompany.cpp; sourceTree = "<group>"; };
		9560181F292BAB1100BDC544 /* parkCompany.hpp */ = {isa = PBXFileReference; lastKnownFileType = sourcecode.cpp.h; path = parkCompany.hpp; sourceTree = "<group>"; };
		95601821292BB7A200BDC544 /* luxuryLevel.cpp */ = {isa = PBXFileReference; lastKnownFileType = sourcecode.cpp.cpp; path = luxuryLevel.cpp; sourceTree = "<group>"; };
		95601822292BB7A200BDC544 /* luxuryLevel.hpp */ = {isa = PBXFileReference; lastKnownFileType = sourcecode.cpp.h; path = luxuryLevel.hpp; sourceTree = "<group>"; };
		959975012936355D009B7C4D /* customerAPI.cpp */ = {isa = PBXFileReference; lastKnownFileType = sourcecode.cpp.cpp; path = customerAPI.cpp; sourceTree = "<group>"; };
		959975022936355D009B7C4D /* customerAPI.hpp */ = {isa = PBXFileReference; lastKnownFileType = sourcecode.cpp.h; path = customerAPI.hpp; sourceTree = "<group>"; };
		95F48423291BFBF300AC547A /* booking.cpp */ = {isa = PBXFileReference; lastKnownFileType = sourcecode.cpp.cpp; path = booking.cpp; sourceTree = "<group>"; };
		95F48424291BFBF300AC547A /* booking.hpp */ = {isa = PBXFileReference; lastKnownFileType = sourcecode.cpp.h; path = booking.hpp; sourceTree = "<group>"; };
		95F48427291C0CC400AC547A /* accomodation.cpp */ = {isa = PBXFileReference; lastKnownFileType = sourcecode.cpp.cpp; path = accomodation.cpp; sourceTree = "<group>"; };
		95F48428291C0CC400AC547A /* accomodation.hpp */ = {isa = PBXFileReference; lastKnownFileType = sourcecode.cpp.h; path = accomodation.hpp; sourceTree = "<group>"; };
		95F4842D291C0DA200AC547A /* customer.cpp */ = {isa = PBXFileReference; lastKnownFileType = sourcecode.cpp.cpp; path = customer.cpp; sourceTree = "<group>"; };
		95F4842E291C0DA200AC547A /* customer.hpp */ = {isa = PBXFileReference; lastKnownFileType = sourcecode.cpp.h; path = customer.hpp; sourceTree = "<group>"; };
		95F48430291C0DBF00AC547A /* park.cpp */ = {isa = PBXFileReference; lastKnownFileType = sourcecode.cpp.cpp; path = park.cpp; sourceTree = "<group>"; };
		95F48431291C0DBF00AC547A /* park.hpp */ = {isa = PBXFileReference; lastKnownFileType = sourcecode.cpp.h; path = park.hpp; sourceTree = "<group>"; };
		95F48433291C0F6000AC547A /* service.cpp */ = {isa = PBXFileReference; lastKnownFileType = sourcecode.cpp.cpp; path = service.cpp; sourceTree = "<group>"; };
		95F48434291C0F6000AC547A /* service.hpp */ = {isa = PBXFileReference; lastKnownFileType = sourcecode.cpp.h; path = service.hpp; sourceTree = "<group>"; };
/* End PBXFileReference section */

/* Begin PBXFrameworksBuildPhase section */
		952E5C7A29112D1F008981D0 /* Frameworks */ = {
			isa = PBXFrameworksBuildPhase;
			buildActionMask = 2147483647;
			files = (
			);
			runOnlyForDeploymentPostprocessing = 0;
		};
/* End PBXFrameworksBuildPhase section */

/* Begin PBXGroup section */
		952E5C7429112D1F008981D0 = {
			isa = PBXGroup;
			children = (
				952E5C7F29112D1F008981D0 /* Lab4 */,
				952E5C7E29112D1F008981D0 /* Products */,
			);
			sourceTree = "<group>";
		};
		952E5C7E29112D1F008981D0 /* Products */ = {
			isa = PBXGroup;
			children = (
				952E5C7D29112D1F008981D0 /* Lab4 */,
			);
			name = Products;
			sourceTree = "<group>";
		};
		952E5C7F29112D1F008981D0 /* Lab4 */ = {
			isa = PBXGroup;
			children = (
				952E5C8029112D1F008981D0 /* main.cpp */,
				95F48423291BFBF300AC547A /* booking.cpp */,
				95F48424291BFBF300AC547A /* booking.hpp */,
				95F48427291C0CC400AC547A /* accomodation.cpp */,
				95F48428291C0CC400AC547A /* accomodation.hpp */,
				95F4842D291C0DA200AC547A /* customer.cpp */,
				95F4842E291C0DA200AC547A /* customer.hpp */,
				95F48430291C0DBF00AC547A /* park.cpp */,
				95F48431291C0DBF00AC547A /* park.hpp */,
				95F48433291C0F6000AC547A /* service.cpp */,
				95F48434291C0F6000AC547A /* service.hpp */,
				9560181E292BAB1100BDC544 /* parkCompany.cpp */,
				9560181F292BAB1100BDC544 /* parkCompany.hpp */,
				95601821292BB7A200BDC544 /* luxuryLevel.cpp */,
				95601822292BB7A200BDC544 /* luxuryLevel.hpp */,
				959975012936355D009B7C4D /* customerAPI.cpp */,
				959975022936355D009B7C4D /* customerAPI.hpp */,
			);
			path = Lab4;
			sourceTree = "<group>";
		};
/* End PBXGroup section */

/* Begin PBXNativeTarget section */
		952E5C7C29112D1F008981D0 /* Lab4 */ = {
			isa = PBXNativeTarget;
			buildConfigurationList = 952E5C8429112D1F008981D0 /* Build configuration list for PBXNativeTarget "Lab4" */;
			buildPhases = (
				952E5C7929112D1F008981D0 /* Sources */,
				952E5C7A29112D1F008981D0 /* Frameworks */,
				952E5C7B29112D1F008981D0 /* CopyFiles */,
			);
			buildRules = (
			);
			dependencies = (
			);
			name = Lab4;
			productName = Lab4;
			productReference = 952E5C7D29112D1F008981D0 /* Lab4 */;
			productType = "com.apple.product-type.tool";
		};
/* End PBXNativeTarget section */

/* Begin PBXProject section */
		952E5C7529112D1F008981D0 /* Project object */ = {
			isa = PBXProject;
			attributes = {
				BuildIndependentTargetsInParallel = 1;
				LastUpgradeCheck = 1410;
				TargetAttributes = {
					952E5C7C29112D1F008981D0 = {
						CreatedOnToolsVersion = 14.0.1;
					};
				};
			};
			buildConfigurationList = 952E5C7829112D1F008981D0 /* Build configuration list for PBXProject "Lab4" */;
			compatibilityVersion = "Xcode 14.0";
			developmentRegion = en;
			hasScannedForEncodings = 0;
			knownRegions = (
				en,
				Base,
			);
			mainGroup = 952E5C7429112D1F008981D0;
			productRefGroup = 952E5C7E29112D1F008981D0 /* Products */;
			projectDirPath = "";
			projectRoot = "";
			targets = (
				952E5C7C29112D1F008981D0 /* Lab4 */,
			);
		};
/* End PBXProject section */

/* Begin PBXSourcesBuildPhase section */
		952E5C7929112D1F008981D0 /* Sources */ = {
			isa = PBXSourcesBuildPhase;
			buildActionMask = 2147483647;
			files = (
				959975032936355D009B7C4D /* customerAPI.cpp in Sources */,
				959974FA2935534F009B7C4D /* luxuryLevel.cpp in Sources */,
				9599750029363527009B7C4D /* main.cpp in Sources */,
				959974F829353BB3009B7C4D /* booking.cpp in Sources */,
				959974F92935518E009B7C4D /* service.cpp in Sources */,
				959974F629352654009B7C4D /* accomodation.cpp in Sources */,
				959974FB29355662009B7C4D /* parkCompany.cpp in Sources */,
				959974F529352557009B7C4D /* park.cpp in Sources */,
				959974F729353B61009B7C4D /* customer.cpp in Sources */,
			);
			runOnlyForDeploymentPostprocessing = 0;
		};
/* End PBXSourcesBuildPhase section */

/* Begin XCBuildConfiguration section */
		952E5C8229112D1F008981D0 /* Debug */ = {
			isa = XCBuildConfiguration;
			buildSettings = {
				ALWAYS_SEARCH_USER_PATHS = NO;
				CLANG_ANALYZER_NONNULL = YES;
				CLANG_ANALYZER_NUMBER_OBJECT_CONVERSION = YES_AGGRESSIVE;
				CLANG_CXX_LANGUAGE_STANDARD = "gnu++20";
				CLANG_ENABLE_MODULES = YES;
				CLANG_ENABLE_OBJC_ARC = YES;
				CLANG_ENABLE_OBJC_WEAK = YES;
				CLANG_WARN_BLOCK_CAPTURE_AUTORELEASING = YES;
				CLANG_WARN_BOOL_CONVERSION = YES;
				CLANG_WARN_COMMA = YES;
				CLANG_WARN_CONSTANT_CONVERSION = YES;
				CLANG_WARN_DEPRECATED_OBJC_IMPLEMENTATIONS = YES;
				CLANG_WARN_DIRECT_OBJC_ISA_USAGE = YES_ERROR;
				CLANG_WARN_DOCUMENTATION_COMMENTS = YES;
				CLANG_WARN_EMPTY_BODY = YES;
				CLANG_WARN_ENUM_CONVERSION = YES;
				CLANG_WARN_INFINITE_RECURSION = YES;
				CLANG_WARN_INT_CONVERSION = YES;
				CLANG_WARN_NON_LITERAL_NULL_CONVERSION = YES;
				CLANG_WARN_OBJC_IMPLICIT_RETAIN_SELF = YES;
				CLANG_WARN_OBJC_LITERAL_CONVERSION = YES;
				CLANG_WARN_OBJC_ROOT_CLASS = YES_ERROR;
				CLANG_WARN_QUOTED_INCLUDE_IN_FRAMEWORK_HEADER = YES;
				CLANG_WARN_RANGE_LOOP_ANALYSIS = YES;
				CLANG_WARN_STRICT_PROTOTYPES = YES;
				CLANG_WARN_SUSPICIOUS_MOVE = YES;
				CLANG_WARN_UNGUARDED_AVAILABILITY = YES_AGGRESSIVE;
				CLANG_WARN_UNREACHABLE_CODE = YES;
				CLANG_WARN__DUPLICATE_METHOD_MATCH = YES;
				COPY_PHASE_STRIP = NO;
				DEAD_CODE_STRIPPING = YES;
				DEBUG_INFORMATION_FORMAT = dwarf;
				ENABLE_STRICT_OBJC_MSGSEND = YES;
				ENABLE_TESTABILITY = YES;
				GCC_C_LANGUAGE_STANDARD = gnu11;
				GCC_DYNAMIC_NO_PIC = NO;
				GCC_NO_COMMON_BLOCKS = YES;
				GCC_OPTIMIZATION_LEVEL = 0;
				GCC_PREPROCESSOR_DEFINITIONS = (
					"DEBUG=1",
					"$(inherited)",
				);
				GCC_WARN_64_TO_32_BIT_CONVERSION = YES;
				GCC_WARN_ABOUT_RETURN_TYPE = YES_ERROR;
				GCC_WARN_UNDECLARED_SELECTOR = YES;
				GCC_WARN_UNINITIALIZED_AUTOS = YES_AGGRESSIVE;
				GCC_WARN_UNUSED_FUNCTION = YES;
				GCC_WARN_UNUSED_VARIABLE = YES;
				MACOSX_DEPLOYMENT_TARGET = 12.3;
				MTL_ENABLE_DEBUG_INFO = INCLUDE_SOURCE;
				MTL_FAST_MATH = YES;
				ONLY_ACTIVE_ARCH = YES;
				SDKROOT = macosx;
			};
			name = Debug;
		};
		952E5C8329112D1F008981D0 /* Release */ = {
			isa = XCBuildConfiguration;
			buildSettings = {
				ALWAYS_SEARCH_USER_PATHS = NO;
				CLANG_ANALYZER_NONNULL = YES;
				CLANG_ANALYZER_NUMBER_OBJECT_CONVERSION = YES_AGGRESSIVE;
				CLANG_CXX_LANGUAGE_STANDARD = "gnu++20";
				CLANG_ENABLE_MODULES = YES;
				CLANG_ENABLE_OBJC_ARC = YES;
				CLANG_ENABLE_OBJC_WEAK = YES;
				CLANG_WARN_BLOCK_CAPTURE_AUTORELEASING = YES;
				CLANG_WARN_BOOL_CONVERSION = YES;
				CLANG_WARN_COMMA = YES;
				CLANG_WARN_CONSTANT_CONVERSION = YES;
				CLANG_WARN_DEPRECATED_OBJC_IMPLEMENTATIONS = YES;
				CLANG_WARN_DIRECT_OBJC_ISA_USAGE = YES_ERROR;
				CLANG_WARN_DOCUMENTATION_COMMENTS = YES;
				CLANG_WARN_EMPTY_BODY = YES;
				CLANG_WARN_ENUM_CONVERSION = YES;
				CLANG_WARN_INFINITE_RECURSION = YES;
				CLANG_WARN_INT_CONVERSION = YES;
				CLANG_WARN_NON_LITERAL_NULL_CONVERSION = YES;
				CLANG_WARN_OBJC_IMPLICIT_RETAIN_SELF = YES;
				CLANG_WARN_OBJC_LITERAL_CONVERSION = YES;
				CLANG_WARN_OBJC_ROOT_CLASS = YES_ERROR;
				CLANG_WARN_QUOTED_INCLUDE_IN_FRAMEWORK_HEADER = YES;
				CLANG_WARN_RANGE_LOOP_ANALYSIS = YES;
				CLANG_WARN_STRICT_PROTOTYPES = YES;
				CLANG_WARN_SUSPICIOUS_MOVE = YES;
				CLANG_WARN_UNGUARDED_AVAILABILITY = YES_AGGRESSIVE;
				CLANG_WARN_UNREACHABLE_CODE = YES;
				CLANG_WARN__DUPLICATE_METHOD_MATCH = YES;
				COPY_PHASE_STRIP = NO;
				DEAD_CODE_STRIPPING = YES;
				DEBUG_INFORMATION_FORMAT = "dwarf-with-dsym";
				ENABLE_NS_ASSERTIONS = NO;
				ENABLE_STRICT_OBJC_MSGSEND = YES;
				GCC_C_LANGUAGE_STANDARD = gnu11;
				GCC_NO_COMMON_BLOCKS = YES;
				GCC_WARN_64_TO_32_BIT_CONVERSION = YES;
				GCC_WARN_ABOUT_RETURN_TYPE = YES_ERROR;
				GCC_WARN_UNDECLARED_SELECTOR = YES;
				GCC_WARN_UNINITIALIZED_AUTOS = YES_AGGRESSIVE;
				GCC_WARN_UNUSED_FUNCTION = YES;
				GCC_WARN_UNUSED_VARIABLE = YES;
				MACOSX_DEPLOYMENT_TARGET = 12.3;
				MTL_ENABLE_DEBUG_INFO = NO;
				MTL_FAST_MATH = YES;
				SDKROOT = macosx;
			};
			name = Release;
		};
		952E5C8529112D1F008981D0 /* Debug */ = {
			isa = XCBuildConfiguration;
			buildSettings = {
				CODE_SIGN_IDENTITY = "-";
				CODE_SIGN_STYLE = Automatic;
				DEAD_CODE_STRIPPING = YES;
				PRODUCT_NAME = "$(TARGET_NAME)";
			};
			name = Debug;
		};
		952E5C8629112D1F008981D0 /* Release */ = {
			isa = XCBuildConfiguration;
			buildSettings = {
				CODE_SIGN_IDENTITY = "-";
				CODE_SIGN_STYLE = Automatic;
				DEAD_CODE_STRIPPING = YES;
				PRODUCT_NAME = "$(TARGET_NAME)";
			};
			name = Release;
		};
/* End XCBuildConfiguration section */

/* Begin XCConfigurationList section */
		952E5C7829112D1F008981D0 /* Build configuration list for PBXProject "Lab4" */ = {
			isa = XCConfigurationList;
			buildConfigurations = (
				952E5C8229112D1F008981D0 /* Debug */,
				952E5C8329112D1F008981D0 /* Release */,
			);
			defaultConfigurationIsVisible = 0;
			defaultConfigurationName = Release;
		};
		952E5C8429112D1F008981D0 /* Build configuration list for PBXNativeTarget "Lab4" */ = {
			isa = XCConfigurationList;
			buildConfigurations = (
				952E5C8529112D1F008981D0 /* Debug */,
				952E5C8629112D1F008981D0 /* Release */,
			);
			defaultConfigurationIsVisible = 0;
			defaultConfigurationName = Release;
		};
/* End XCConfigurationList section */
	};
	rootObject = 952E5C7529112D1F008981D0 /* Project object */;
}
